
Microsoft Visual Studio Solution File, Format Version 12.00
# Visual Studio 14
VisualStudioVersion = 14.0.25123.0
MinimumVisualStudioVersion = 10.0.40219.1
Project("{FAE04EC0-301F-11D3-BF4B-00C04F79EFBC}") = "BG.Core", "BG.Core.Guard\BG.Core.csproj", "{BBCCBDA7-4411-4073-8249-E41081AE3745}"
EndProject
Project("{FAE04EC0-301F-11D3-BF4B-00C04F79EFBC}") = "BG.Core.GuardTest", "BG.Core.GuardTest\BG.Core.GuardTest.csproj", "{EF574A32-9FE4-4741-B298-86D54FF57B64}"
EndProject
Global
	GlobalSection(SolutionConfigurationPlatforms) = preSolution
		Debug|Any CPU = Debug|Any CPU
		Release|Any CPU = Release|Any CPU
	EndGlobalSection
	GlobalSection(ProjectConfigurationPlatforms) = postSolution
		{BBCCBDA7-4411-4073-8249-E41081AE3745}.Debug|Any CPU.ActiveCfg = Debug|Any CPU
		{BBCCBDA7-4411-4073-8249-E41081AE3745}.Debug|Any CPU.Build.0 = Debug|Any CPU
		{BBCCBDA7-4411-4073-8249-E41081AE3745}.Release|Any CPU.ActiveCfg = Release|Any CPU
		{BBCCBDA7-4411-4073-8249-E41081AE3745}.Release|Any CPU.Build.0 = Release|Any CPU
		{EF574A32-9FE4-4741-B298-86D54FF57B64}.Debug|Any CPU.ActiveCfg = Debug|Any CPU
		{EF574A32-9FE4-4741-B298-86D54FF57B64}.Debug|Any CPU.Build.0 = Debug|Any CPU
		{EF574A32-9FE4-4741-B298-86D54FF57B64}.Release|Any CPU.ActiveCfg = Release|Any CPU
		{EF574A32-9FE4-4741-B298-86D54FF57B64}.Release|Any CPU.Build.0 = Release|Any CPU
	EndGlobalSection
	GlobalSection(SolutionProperties) = preSolution
		HideSolutionNode = FALSE
	EndGlobalSection
EndGlobal
